
Microsoft Visual Studio Solution File, Format Version 12.00
# Visual Studio Version 17
VisualStudioVersion = 17.11.35312.102
MinimumVisualStudioVersion = 10.0.40219.1
Project("{FAE04EC0-301F-11D3-BF4B-00C04F79EFBC}") = "MyScriptureJournal", "MyScriptureJournal.csproj", "{9806F6D0-4237-402E-9E99-110586B4C71B}"
EndProject
Global
	GlobalSection(SolutionConfigurationPlatforms) = preSolution
		Debug|Any CPU = Debug|Any CPU
		Release|Any CPU = Release|Any CPU
	EndGlobalSection
	GlobalSection(ProjectConfigurationPlatforms) = postSolution
		{9806F6D0-4237-402E-9E99-110586B4C71B}.Debug|Any CPU.ActiveCfg = Debug|Any CPU
		{9806F6D0-4237-402E-9E99-110586B4C71B}.Debug|Any CPU.Build.0 = Debug|Any CPU
		{9806F6D0-4237-402E-9E99-110586B4C71B}.Release|Any CPU.ActiveCfg = Release|Any CPU
		{9806F6D0-4237-402E-9E99-110586B4C71B}.Release|Any CPU.Build.0 = Release|Any CPU
	EndGlobalSection
	GlobalSection(SolutionProperties) = preSolution
		HideSolutionNode = FALSE
	EndGlobalSection
	GlobalSection(ExtensibilityGlobals) = postSolution
		SolutionGuid = {312C12DA-EF13-4E90-A8C1-6BAC4ECF80DA}
	EndGlobalSection
EndGlobal
